profile:
  name: full-kernel-block
  description: "Profile that uses kernel block devices via io_uring with SPDK hugepage DMA"

components:
  logger:
    crate: logger
    factory: "LoggerComponent::new_default"
    provides: [ILogger]

  spdk_env:
    crate: spdk-env
    factory: "SPDKEnvComponent::new_default"
    provides: [ISPDKEnv]
    trait_path: spdk-env
    init_hook: init_spdk_env_dma_only

  gpu:
    crate: gpu-services
    factory: "GpuServicesComponent::new_default"
    provides: [IGpuServices]
    init_hook: init_gpu

  eviction_policy:
    crate: eviction-policy-lru
    factory: "EvictionPolicyLruComponent::new_default"
    provides: [IEvictionPolicy]

  dispatch_map:
    crate: dispatch-map
    factory: "DispatchMapComponent::new(Default::default())"
    provides: [IDispatchMap]
    init_hook: init_dispatch_map

  memory_tier:
    crate: memory-tier
    factory: "MemoryTierComponent::new_default"
    provides: [IMemoryTier]
    init_hook: init_memory_tier

  block_device:
    crate: block-device-kernel
    factory: "BlockDeviceKernelComponent::new_default"
    provides: [IBlockDevice, IBlockDeviceAdmin]
    kind: factory
    receptacles: [logger]

  extent_manager:
    crate: extent-manager
    factory: "ExtentManager::new_inner"
    provides: [IExtentManager]
    kind: factory

  dispatcher:
    crate: dispatcher
    factory: "DispatcherComponent::new_default"
    provides: [IDispatcher]
    init_hook: init_dispatcher

wiring:
  - target: gpu.logger
    source: logger
  - target: eviction_policy.logger
    source: logger
  - target: dispatch_map.logger
    source: logger
  - target: dispatch_map.eviction_policy
    source: eviction_policy
  - target: memory_tier.logger
    source: logger
  - target: memory_tier.eviction_policy
    source: eviction_policy
  - target: dispatcher.logger
    source: logger
  - target: dispatcher.dispatch_map
    source: dispatch_map
  - target: dispatcher.memory_tier
    source: memory_tier
  - target: dispatcher.gpu_services
    source: gpu
  - target: dispatcher.spdk_env
    source: spdk_env

init_order:
  - logger
  - spdk_env
  - gpu
  - eviction_policy
  - dispatch_map
  - memory_tier
  - dispatcher

exports:
  - component: logger
    interface: ILogger
  - component: dispatcher
    interface: IDispatcher
  - component: spdk_env
    interface: ISPDKEnv
